
Microsoft Visual Studio Solution File, Format Version 12.00
# Visual Studio Version 17
VisualStudioVersion = 17.11.35327.3
MinimumVisualStudioVersion = 10.0.40219.1
Project("{2150E333-8FDC-42A3-9474-1A3956D46DE8}") = "src", "src", "{CC915D45-FB4B-471B-BB01-F9E781DC736D}"
EndProject
Project("{9A19103F-16F7-4668-BE54-9A1E7A4F7556}") = "TNM", "src\TNM\TNM.csproj", "{160957AF-442C-4871-8593-BF8FBF27D99E}"
EndProject
Project("{2150E333-8FDC-42A3-9474-1A3956D46DE8}") = "Shared", "Shared", "{4DA044A0-7ECF-4678-86D8-BC983AB1D136}"
EndProject
Project("{FAE04EC0-301F-11D3-BF4B-00C04F79EFBC}") = "Domain", "src\Shared\Domain\Domain.csproj", "{5DC78730-5985-4724-ADB8-F8A652870E9C}"
EndProject
Global
	GlobalSection(SolutionConfigurationPlatforms) = preSolution
		Debug|Any CPU = Debug|Any CPU
		Release|Any CPU = Release|Any CPU
	EndGlobalSection
	GlobalSection(ProjectConfigurationPlatforms) = postSolution
		{160957AF-442C-4871-8593-BF8FBF27D99E}.Debug|Any CPU.ActiveCfg = Debug|Any CPU
		{160957AF-442C-4871-8593-BF8FBF27D99E}.Debug|Any CPU.Build.0 = Debug|Any CPU
		{160957AF-442C-4871-8593-BF8FBF27D99E}.Release|Any CPU.ActiveCfg = Release|Any CPU
		{160957AF-442C-4871-8593-BF8FBF27D99E}.Release|Any CPU.Build.0 = Release|Any CPU
		{5DC78730-5985-4724-ADB8-F8A652870E9C}.Debug|Any CPU.ActiveCfg = Debug|Any CPU
		{5DC78730-5985-4724-ADB8-F8A652870E9C}.Debug|Any CPU.Build.0 = Debug|Any CPU
		{5DC78730-5985-4724-ADB8-F8A652870E9C}.Release|Any CPU.ActiveCfg = Release|Any CPU
		{5DC78730-5985-4724-ADB8-F8A652870E9C}.Release|Any CPU.Build.0 = Release|Any CPU
	EndGlobalSection
	GlobalSection(SolutionProperties) = preSolution
		HideSolutionNode = FALSE
	EndGlobalSection
	GlobalSection(NestedProjects) = preSolution
		{160957AF-442C-4871-8593-BF8FBF27D99E} = {CC915D45-FB4B-471B-BB01-F9E781DC736D}
		{4DA044A0-7ECF-4678-86D8-BC983AB1D136} = {CC915D45-FB4B-471B-BB01-F9E781DC736D}
		{5DC78730-5985-4724-ADB8-F8A652870E9C} = {4DA044A0-7ECF-4678-86D8-BC983AB1D136}
	EndGlobalSection
	GlobalSection(ExtensibilityGlobals) = postSolution
		SolutionGuid = {91CC94B4-E41C-4F3D-A321-90B5F719E547}
	EndGlobalSection
EndGlobal
